# THIS IS AN AUTOGENERATED FILE. DO NOT EDIT THIS FILE DIRECTLY.
# yarn lockfile v1


"cloudinary-core@^2.10.2":
  "integrity" "sha512-F1BZczD6f5mB73D0c8gl/iuacVQQO+UhckNZxeeS9ZIVeIHbsfqwWiAZMQmIvEb7Wti/9MLU0xVwaWOak2THHA=="
  "resolved" "https://registry.npmjs.org/cloudinary-core/-/cloudinary-core-2.11.4.tgz"
  "version" "2.11.4"

"cloudinary@^1.26.3":
  "integrity" "sha512-80ItEXYLbhOGPM42ksOsqG6320jbsU6kqszjVjl5QwDwzbjouktRlw/NdGva1beSu8sp/0lj1mtSGPymGsNiQA=="
  "resolved" "https://registry.npmjs.org/cloudinary/-/cloudinary-1.26.3.tgz"
  "version" "1.26.3"
  dependencies:
    "cloudinary-core" "^2.10.2"
    "core-js" "3.6.5"
    "lodash" "^4.17.11"
    "q" "^1.5.1"

"core-js@3.6.5":
  "integrity" "sha512-vZVEEwZoIsI+vPEuoF9Iqf5H7/M3eeQqWlQnYa8FSKKePuYTf5MWnxb5SDAzCa60b3JBRS5g9b+Dq7b1y/RCrA=="
  "resolved" "https://registry.npmjs.org/core-js/-/core-js-3.6.5.tgz"
  "version" "3.6.5"

"lodash@^4.17.11", "lodash@>=4.0":
  "integrity" "sha512-8xOcRHvCjnocdS5cpwXQXVzmmh5e5+saE2QGoeQmbKmRS6J3VQppPOIt0MnmE+4xlZoumy0GPG0D0MVIQbNA1A=="
  "resolved" "https://registry.npmjs.org/lodash/-/lodash-4.17.15.tgz"
  "version" "4.17.15"

"q@^1.5.1":
  "integrity" "sha1-fjL3W0E4EpHQRhHxvxQQmsAGUdc="
  "resolved" "https://registry.npmjs.org/q/-/q-1.5.1.tgz"
  "version" "1.5.1"
