# THIS IS AN AUTOGENERATED FILE. DO NOT EDIT THIS FILE DIRECTLY.
# yarn lockfile v1


"cloudinary@^1.20.0":
  "integrity" "sha512-/e76lEr5PS5gefvWUJ2Ou90zuEQCc0agTq8hrx2uxfFhUGlzEQ9mPPcwAeHFY1gj9caq0iHLuvTDvBbLSRhX9w=="
  "resolved" "https://registry.npmjs.org/cloudinary/-/cloudinary-1.20.0.tgz"
  "version" "1.20.0"
  dependencies:
    "lodash" "^4.17.11"
    "q" "^1.5.1"

"lodash@^4.17.11":
  "integrity" "sha512-8xOcRHvCjnocdS5cpwXQXVzmmh5e5+saE2QGoeQmbKmRS6J3VQppPOIt0MnmE+4xlZoumy0GPG0D0MVIQbNA1A=="
  "resolved" "https://registry.npmjs.org/lodash/-/lodash-4.17.15.tgz"
  "version" "4.17.15"

"q@^1.5.1":
  "integrity" "sha1-fjL3W0E4EpHQRhHxvxQQmsAGUdc="
  "resolved" "https://registry.npmjs.org/q/-/q-1.5.1.tgz"
  "version" "1.5.1"
